
Microsoft Visual Studio Solution File, Format Version 12.00
# Visual Studio Version 17
VisualStudioVersion = 17.1.32319.34
MinimumVisualStudioVersion = 10.0.40219.1
Project("{888888A0-9F3D-457C-B088-3A5042F75D52}") = "BottleWebProject_C922_5_ABSI", "BottleWebProject_C922_5_ABSI\BottleWebProject_C922_5_ABSI.pyproj", "{B699261A-06DF-439D-A313-C743E1069652}"
EndProject
Global
	GlobalSection(SolutionConfigurationPlatforms) = preSolution
		Debug|Any CPU = Debug|Any CPU
		Release|Any CPU = Release|Any CPU
	EndGlobalSection
	GlobalSection(ProjectConfigurationPlatforms) = postSolution
		{B699261A-06DF-439D-A313-C743E1069652}.Debug|Any CPU.ActiveCfg = Debug|Any CPU
		{B699261A-06DF-439D-A313-C743E1069652}.Debug|Any CPU.Build.0 = Debug|Any CPU
		{B699261A-06DF-439D-A313-C743E1069652}.Release|Any CPU.ActiveCfg = Release|Any CPU
		{B699261A-06DF-439D-A313-C743E1069652}.Release|Any CPU.Build.0 = Release|Any CPU
	EndGlobalSection
	GlobalSection(SolutionProperties) = preSolution
		HideSolutionNode = FALSE
	EndGlobalSection
	GlobalSection(ExtensibilityGlobals) = postSolution
		SolutionGuid = {C96FB4B1-5FC9-404D-A041-94817C9BCE91}
	EndGlobalSection
EndGlobal
